
Microsoft Visual Studio Solution File, Format Version 12.00
# Visual Studio 15
VisualStudioVersion = 15.0.28307.421
MinimumVisualStudioVersion = 10.0.40219.1
Project("{FAE04EC0-301F-11D3-BF4B-00C04F79EFBC}") = "Quadrobit.Android", "Quadrobit\Quadrobit.Android\Quadrobit.Android.csproj", "{822030CE-8FDC-4747-9B94-7B06AC53D31F}"
EndProject
Project("{FAE04EC0-301F-11D3-BF4B-00C04F79EFBC}") = "Quadrobit.iOS", "Quadrobit\Quadrobit.iOS\Quadrobit.iOS.csproj", "{CA5C2D87-2BC1-489A-A4D7-A50F07273F99}"
EndProject
Project("{FAE04EC0-301F-11D3-BF4B-00C04F79EFBC}") = "Quadrobit", "Quadrobit\Quadrobit\Quadrobit.csproj", "{B6B448B8-707B-49E1-9699-335FB26BC56F}"
EndProject
Global
	GlobalSection(SolutionConfigurationPlatforms) = preSolution
		Ad-Hoc|Any CPU = Ad-Hoc|Any CPU
		Ad-Hoc|iPhone = Ad-Hoc|iPhone
		Ad-Hoc|iPhoneSimulator = Ad-Hoc|iPhoneSimulator
		AppStore|Any CPU = AppStore|Any CPU
		AppStore|iPhone = AppStore|iPhone
		AppStore|iPhoneSimulator = AppStore|iPhoneSimulator
		Debug|Any CPU = Debug|Any CPU
		Debug|iPhone = Debug|iPhone
		Debug|iPhoneSimulator = Debug|iPhoneSimulator
		Release|Any CPU = Release|Any CPU
		Release|iPhone = Release|iPhone
		Release|iPhoneSimulator = Release|iPhoneSimulator
	EndGlobalSection
	GlobalSection(ProjectConfigurationPlatforms) = postSolution
		{822030CE-8FDC-4747-9B94-7B06AC53D31F}.Ad-Hoc|Any CPU.ActiveCfg = Release|Any CPU
		{822030CE-8FDC-4747-9B94-7B06AC53D31F}.Ad-Hoc|Any CPU.Build.0 = Release|Any CPU
		{822030CE-8FDC-4747-9B94-7B06AC53D31F}.Ad-Hoc|Any CPU.Deploy.0 = Release|Any CPU
		{822030CE-8FDC-4747-9B94-7B06AC53D31F}.Ad-Hoc|iPhone.ActiveCfg = Release|Any CPU
		{822030CE-8FDC-4747-9B94-7B06AC53D31F}.Ad-Hoc|iPhone.Build.0 = Release|Any CPU
		{822030CE-8FDC-4747-9B94-7B06AC53D31F}.Ad-Hoc|iPhone.Deploy.0 = Release|Any CPU
		{822030CE-8FDC-4747-9B94-7B06AC53D31F}.Ad-Hoc|iPhoneSimulator.ActiveCfg = Release|Any CPU
		{822030CE-8FDC-4747-9B94-7B06AC53D31F}.Ad-Hoc|iPhoneSimulator.Build.0 = Release|Any CPU
		{822030CE-8FDC-4747-9B94-7B06AC53D31F}.Ad-Hoc|iPhoneSimulator.Deploy.0 = Release|Any CPU
		{822030CE-8FDC-4747-9B94-7B06AC53D31F}.AppStore|Any CPU.ActiveCfg = Release|Any CPU
		{822030CE-8FDC-4747-9B94-7B06AC53D31F}.AppStore|Any CPU.Build.0 = Release|Any CPU
		{822030CE-8FDC-4747-9B94-7B06AC53D31F}.AppStore|Any CPU.Deploy.0 = Release|Any CPU
		{822030CE-8FDC-4747-9B94-7B06AC53D31F}.AppStore|iPhone.ActiveCfg = Release|Any CPU
		{822030CE-8FDC-4747-9B94-7B06AC53D31F}.AppStore|iPhone.Build.0 = Release|Any CPU
		{822030CE-8FDC-4747-9B94-7B06AC53D31F}.AppStore|iPhone.Deploy.0 = Release|Any CPU
		{822030CE-8FDC-4747-9B94-7B06AC53D31F}.AppStore|iPhoneSimulator.ActiveCfg = Release|Any CPU
		{822030CE-8FDC-4747-9B94-7B06AC53D31F}.AppStore|iPhoneSimulator.Build.0 = Release|Any CPU
		{822030CE-8FDC-4747-9B94-7B06AC53D31F}.AppStore|iPhoneSimulator.Deploy.0 = Release|Any CPU
		{822030CE-8FDC-4747-9B94-7B06AC53D31F}.Debug|Any CPU.ActiveCfg = Debug|Any CPU
		{822030CE-8FDC-4747-9B94-7B06AC53D31F}.Debug|Any CPU.Build.0 = Debug|Any CPU
		{822030CE-8FDC-4747-9B94-7B06AC53D31F}.Debug|Any CPU.Deploy.0 = Debug|Any CPU
		{822030CE-8FDC-4747-9B94-7B06AC53D31F}.Debug|iPhone.ActiveCfg = Debug|Any CPU
		{822030CE-8FDC-4747-9B94-7B06AC53D31F}.Debug|iPhone.Build.0 = Debug|Any CPU
		{822030CE-8FDC-4747-9B94-7B06AC53D31F}.Debug|iPhone.Deploy.0 = Debug|Any CPU
		{822030CE-8FDC-4747-9B94-7B06AC53D31F}.Debug|iPhoneSimulator.ActiveCfg = Debug|Any CPU
		{822030CE-8FDC-4747-9B94-7B06AC53D31F}.Debug|iPhoneSimulator.Build.0 = Debug|Any CPU
		{822030CE-8FDC-4747-9B94-7B06AC53D31F}.Debug|iPhoneSimulator.Deploy.0 = Debug|Any CPU
		{822030CE-8FDC-4747-9B94-7B06AC53D31F}.Release|Any CPU.ActiveCfg = Release|Any CPU
		{822030CE-8FDC-4747-9B94-7B06AC53D31F}.Release|Any CPU.Build.0 = Release|Any CPU
		{822030CE-8FDC-4747-9B94-7B06AC53D31F}.Release|Any CPU.Deploy.0 = Release|Any CPU
		{822030CE-8FDC-4747-9B94-7B06AC53D31F}.Release|iPhone.ActiveCfg = Release|Any CPU
		{822030CE-8FDC-4747-9B94-7B06AC53D31F}.Release|iPhone.Build.0 = Release|Any CPU
		{822030CE-8FDC-4747-9B94-7B06AC53D31F}.Release|iPhone.Deploy.0 = Release|Any CPU
		{822030CE-8FDC-4747-9B94-7B06AC53D31F}.Release|iPhoneSimulator.ActiveCfg = Release|Any CPU
		{822030CE-8FDC-4747-9B94-7B06AC53D31F}.Release|iPhoneSimulator.Build.0 = Release|Any CPU
		{822030CE-8FDC-4747-9B94-7B06AC53D31F}.Release|iPhoneSimulator.Deploy.0 = Release|Any CPU
		{CA5C2D87-2BC1-489A-A4D7-A50F07273F99}.Ad-Hoc|Any CPU.ActiveCfg = Ad-Hoc|iPhone
		{CA5C2D87-2BC1-489A-A4D7-A50F07273F99}.Ad-Hoc|Any CPU.Build.0 = Ad-Hoc|iPhone
		{CA5C2D87-2BC1-489A-A4D7-A50F07273F99}.Ad-Hoc|Any CPU.Deploy.0 = Ad-Hoc|iPhone
		{CA5C2D87-2BC1-489A-A4D7-A50F07273F99}.Ad-Hoc|iPhone.ActiveCfg = Ad-Hoc|iPhone
		{CA5C2D87-2BC1-489A-A4D7-A50F07273F99}.Ad-Hoc|iPhone.Build.0 = Ad-Hoc|iPhone
		{CA5C2D87-2BC1-489A-A4D7-A50F07273F99}.Ad-Hoc|iPhone.Deploy.0 = Ad-Hoc|iPhone
		{CA5C2D87-2BC1-489A-A4D7-A50F07273F99}.Ad-Hoc|iPhoneSimulator.ActiveCfg = Ad-Hoc|iPhoneSimulator
		{CA5C2D87-2BC1-489A-A4D7-A50F07273F99}.Ad-Hoc|iPhoneSimulator.Build.0 = Ad-Hoc|iPhoneSimulator
		{CA5C2D87-2BC1-489A-A4D7-A50F07273F99}.Ad-Hoc|iPhoneSimulator.Deploy.0 = Ad-Hoc|iPhoneSimulator
		{CA5C2D87-2BC1-489A-A4D7-A50F07273F99}.AppStore|Any CPU.ActiveCfg = AppStore|iPhone
		{CA5C2D87-2BC1-489A-A4D7-A50F07273F99}.AppStore|Any CPU.Build.0 = AppStore|iPhone
		{CA5C2D87-2BC1-489A-A4D7-A50F07273F99}.AppStore|Any CPU.Deploy.0 = AppStore|iPhone
		{CA5C2D87-2BC1-489A-A4D7-A50F07273F99}.AppStore|iPhone.ActiveCfg = AppStore|iPhone
		{CA5C2D87-2BC1-489A-A4D7-A50F07273F99}.AppStore|iPhone.Build.0 = AppStore|iPhone
		{CA5C2D87-2BC1-489A-A4D7-A50F07273F99}.AppStore|iPhone.Deploy.0 = AppStore|iPhone
		{CA5C2D87-2BC1-489A-A4D7-A50F07273F99}.AppStore|iPhoneSimulator.ActiveCfg = AppStore|iPhoneSimulator
		{CA5C2D87-2BC1-489A-A4D7-A50F07273F99}.AppStore|iPhoneSimulator.Build.0 = AppStore|iPhoneSimulator
		{CA5C2D87-2BC1-489A-A4D7-A50F07273F99}.AppStore|iPhoneSimulator.Deploy.0 = AppStore|iPhoneSimulator
		{CA5C2D87-2BC1-489A-A4D7-A50F07273F99}.Debug|Any CPU.ActiveCfg = Debug|iPhoneSimulator
		{CA5C2D87-2BC1-489A-A4D7-A50F07273F99}.Debug|Any CPU.Build.0 = Debug|iPhoneSimulator
		{CA5C2D87-2BC1-489A-A4D7-A50F07273F99}.Debug|Any CPU.Deploy.0 = Debug|iPhoneSimulator
		{CA5C2D87-2BC1-489A-A4D7-A50F07273F99}.Debug|iPhone.ActiveCfg = Debug|iPhone
		{CA5C2D87-2BC1-489A-A4D7-A50F07273F99}.Debug|iPhone.Build.0 = Debug|iPhone
		{CA5C2D87-2BC1-489A-A4D7-A50F07273F99}.Debug|iPhone.Deploy.0 = Debug|iPhone
		{CA5C2D87-2BC1-489A-A4D7-A50F07273F99}.Debug|iPhoneSimulator.ActiveCfg = Debug|iPhoneSimulator
		{CA5C2D87-2BC1-489A-A4D7-A50F07273F99}.Debug|iPhoneSimulator.Build.0 = Debug|iPhoneSimulator
		{CA5C2D87-2BC1-489A-A4D7-A50F07273F99}.Debug|iPhoneSimulator.Deploy.0 = Debug|iPhoneSimulator
		{CA5C2D87-2BC1-489A-A4D7-A50F07273F99}.Release|Any CPU.ActiveCfg = Release|iPhone
		{CA5C2D87-2BC1-489A-A4D7-A50F07273F99}.Release|Any CPU.Build.0 = Release|iPhone
		{CA5C2D87-2BC1-489A-A4D7-A50F07273F99}.Release|Any CPU.Deploy.0 = Release|iPhone
		{CA5C2D87-2BC1-489A-A4D7-A50F07273F99}.Release|iPhone.ActiveCfg = Release|iPhone
		{CA5C2D87-2BC1-489A-A4D7-A50F07273F99}.Release|iPhone.Build.0 = Release|iPhone
		{CA5C2D87-2BC1-489A-A4D7-A50F07273F99}.Release|iPhone.Deploy.0 = Release|iPhone
		{CA5C2D87-2BC1-489A-A4D7-A50F07273F99}.Release|iPhoneSimulator.ActiveCfg = Release|iPhoneSimulator
		{CA5C2D87-2BC1-489A-A4D7-A50F07273F99}.Release|iPhoneSimulator.Build.0 = Release|iPhoneSimulator
		{CA5C2D87-2BC1-489A-A4D7-A50F07273F99}.Release|iPhoneSimulator.Deploy.0 = Release|iPhoneSimulator
		{B6B448B8-707B-49E1-9699-335FB26BC56F}.Ad-Hoc|Any CPU.ActiveCfg = Debug|Any CPU
		{B6B448B8-707B-49E1-9699-335FB26BC56F}.Ad-Hoc|Any CPU.Build.0 = Debug|Any CPU
		{B6B448B8-707B-49E1-9699-335FB26BC56F}.Ad-Hoc|Any CPU.Deploy.0 = Debug|Any CPU
		{B6B448B8-707B-49E1-9699-335FB26BC56F}.Ad-Hoc|iPhone.ActiveCfg = Debug|Any CPU
		{B6B448B8-707B-49E1-9699-335FB26BC56F}.Ad-Hoc|iPhone.Build.0 = Debug|Any CPU
		{B6B448B8-707B-49E1-9699-335FB26BC56F}.Ad-Hoc|iPhone.Deploy.0 = Debug|Any CPU
		{B6B448B8-707B-49E1-9699-335FB26BC56F}.Ad-Hoc|iPhoneSimulator.ActiveCfg = Debug|Any CPU
		{B6B448B8-707B-49E1-9699-335FB26BC56F}.Ad-Hoc|iPhoneSimulator.Build.0 = Debug|Any CPU
		{B6B448B8-707B-49E1-9699-335FB26BC56F}.Ad-Hoc|iPhoneSimulator.Deploy.0 = Debug|Any CPU
		{B6B448B8-707B-49E1-9699-335FB26BC56F}.AppStore|Any CPU.ActiveCfg = Debug|Any CPU
		{B6B448B8-707B-49E1-9699-335FB26BC56F}.AppStore|Any CPU.Build.0 = Debug|Any CPU
		{B6B448B8-707B-49E1-9699-335FB26BC56F}.AppStore|Any CPU.Deploy.0 = Debug|Any CPU
		{B6B448B8-707B-49E1-9699-335FB26BC56F}.AppStore|iPhone.ActiveCfg = Debug|Any CPU
		{B6B448B8-707B-49E1-9699-335FB26BC56F}.AppStore|iPhone.Build.0 = Debug|Any CPU
		{B6B448B8-707B-49E1-9699-335FB26BC56F}.AppStore|iPhone.Deploy.0 = Debug|Any CPU
		{B6B448B8-707B-49E1-9699-335FB26BC56F}.AppStore|iPhoneSimulator.ActiveCfg = Debug|Any CPU
		{B6B448B8-707B-49E1-9699-335FB26BC56F}.AppStore|iPhoneSimulator.Build.0 = Debug|Any CPU
		{B6B448B8-707B-49E1-9699-335FB26BC56F}.AppStore|iPhoneSimulator.Deploy.0 = Debug|Any CPU
		{B6B448B8-707B-49E1-9699-335FB26BC56F}.Debug|Any CPU.ActiveCfg = Debug|Any CPU
		{B6B448B8-707B-49E1-9699-335FB26BC56F}.Debug|Any CPU.Build.0 = Debug|Any CPU
		{B6B448B8-707B-49E1-9699-335FB26BC56F}.Debug|Any CPU.Deploy.0 = Debug|Any CPU
		{B6B448B8-707B-49E1-9699-335FB26BC56F}.Debug|iPhone.ActiveCfg = Debug|Any CPU
		{B6B448B8-707B-49E1-9699-335FB26BC56F}.Debug|iPhone.Build.0 = Debug|Any CPU
		{B6B448B8-707B-49E1-9699-335FB26BC56F}.Debug|iPhone.Deploy.0 = Debug|Any CPU
		{B6B448B8-707B-49E1-9699-335FB26BC56F}.Debug|iPhoneSimulator.ActiveCfg = Debug|Any CPU
		{B6B448B8-707B-49E1-9699-335FB26BC56F}.Debug|iPhoneSimulator.Build.0 = Debug|Any CPU
		{B6B448B8-707B-49E1-9699-335FB26BC56F}.Debug|iPhoneSimulator.Deploy.0 = Debug|Any CPU
		{B6B448B8-707B-49E1-9699-335FB26BC56F}.Release|Any CPU.ActiveCfg = Release|Any CPU
		{B6B448B8-707B-49E1-9699-335FB26BC56F}.Release|Any CPU.Build.0 = Release|Any CPU
		{B6B448B8-707B-49E1-9699-335FB26BC56F}.Release|Any CPU.Deploy.0 = Release|Any CPU
		{B6B448B8-707B-49E1-9699-335FB26BC56F}.Release|iPhone.ActiveCfg = Release|Any CPU
		{B6B448B8-707B-49E1-9699-335FB26BC56F}.Release|iPhone.Build.0 = Release|Any CPU
		{B6B448B8-707B-49E1-9699-335FB26BC56F}.Release|iPhone.Deploy.0 = Release|Any CPU
		{B6B448B8-707B-49E1-9699-335FB26BC56F}.Release|iPhoneSimulator.ActiveCfg = Release|Any CPU
		{B6B448B8-707B-49E1-9699-335FB26BC56F}.Release|iPhoneSimulator.Build.0 = Release|Any CPU
		{B6B448B8-707B-49E1-9699-335FB26BC56F}.Release|iPhoneSimulator.Deploy.0 = Release|Any CPU
	EndGlobalSection
	GlobalSection(SolutionProperties) = preSolution
		HideSolutionNode = FALSE
	EndGlobalSection
	GlobalSection(ExtensibilityGlobals) = postSolution
		SolutionGuid = {2F1566DA-EE3C-4B30-9AFE-76363115D7BE}
	EndGlobalSection
EndGlobal
